{
  "name": "@cartamd/plugin-attachment",
  "lockfileVersion": 3,
  "requires": true,
  "packages": {
    "": {
      "name": "@cartamd/plugin-attachment",
      "peerDependencies": {
        "carta-md": "../carta-md"
      }
    },
    "../carta-md": {
      "peer": true,
      "dependencies": {
        "rehype-stringify": "^10.0.0",
        "remark-gfm": "^4.0.0",
        "remark-parse": "^11.0.0",
        "remark-rehype": "^11.1.0",
        "shiki": "^1.4.0"
      }
    },
    "node_modules/carta-md": {
      "resolved": "../carta-md",
      "link": true
    }
  }
}
