{
  "name": "@cartamd/plugin-slash",
  "lockfileVersion": 3,
  "requires": true,
  "packages": {
    "": {
      "name": "@cartamd/plugin-slash",
      "dependencies": {
        "bezier-easing": "^2.1.0"
      },
      "peerDependencies": {
        "carta-md": "../carta-md"
      }
    },
    "../carta-md": {
      "peer": true,
      "dependencies": {
        "rehype-stringify": "^10.0.0",
        "remark-gfm": "^4.0.0",
        "remark-parse": "^11.0.0",
        "remark-rehype": "^11.1.0",
        "shiki": "^1.4.0"
      }
    },
    "node_modules/bezier-easing": {
      "version": "2.1.0",
      "resolved": "https://registry.npmjs.org/bezier-easing/-/bezier-easing-2.1.0.tgz",
      "integrity": "sha512-gbIqZ/eslnUFC1tjEvtz0sgx+xTK20wDnYMIA27VA04R7w6xxXQPZDbibjA9DTWZRA2CXtwHykkVzlCaAJAZig=="
    },
    "node_modules/carta-md": {
      "resolved": "../carta-md",
      "link": true
    }
  }
}
